
Microsoft Visual Studio Solution File, Format Version 12.00
# Visual Studio Version 16
VisualStudioVersion = 16.0.31624.102
MinimumVisualStudioVersion = 10.0.40219.1
Project("{9A19103F-16F7-4668-BE54-9A1E7A4F7556}") = "ProductGrpc", "ProductGrpc\ProductGrpc.csproj", "{852B1280-9946-4148-83DE-CD2829F9802E}"
EndProject
Project("{FAE04EC0-301F-11D3-BF4B-00C04F79EFBC}") = "ProductGrpcClient", "ProductGrpcClient\ProductGrpcClient.csproj", "{9FEA7907-5B04-4F87-931B-74F421FBF493}"
EndProject
Project("{FAE04EC0-301F-11D3-BF4B-00C04F79EFBC}") = "ProjectWorkerService", "ProjectWorkerService\ProjectWorkerService.csproj", "{F8635B00-757F-44D5-A360-C37FCEAD70F5}"
EndProject
Global
	GlobalSection(SolutionConfigurationPlatforms) = preSolution
		Debug|Any CPU = Debug|Any CPU
		Release|Any CPU = Release|Any CPU
	EndGlobalSection
	GlobalSection(ProjectConfigurationPlatforms) = postSolution
		{852B1280-9946-4148-83DE-CD2829F9802E}.Debug|Any CPU.ActiveCfg = Debug|Any CPU
		{852B1280-9946-4148-83DE-CD2829F9802E}.Debug|Any CPU.Build.0 = Debug|Any CPU
		{852B1280-9946-4148-83DE-CD2829F9802E}.Release|Any CPU.ActiveCfg = Release|Any CPU
		{852B1280-9946-4148-83DE-CD2829F9802E}.Release|Any CPU.Build.0 = Release|Any CPU
		{9FEA7907-5B04-4F87-931B-74F421FBF493}.Debug|Any CPU.ActiveCfg = Debug|Any CPU
		{9FEA7907-5B04-4F87-931B-74F421FBF493}.Debug|Any CPU.Build.0 = Debug|Any CPU
		{9FEA7907-5B04-4F87-931B-74F421FBF493}.Release|Any CPU.ActiveCfg = Release|Any CPU
		{9FEA7907-5B04-4F87-931B-74F421FBF493}.Release|Any CPU.Build.0 = Release|Any CPU
		{F8635B00-757F-44D5-A360-C37FCEAD70F5}.Debug|Any CPU.ActiveCfg = Debug|Any CPU
		{F8635B00-757F-44D5-A360-C37FCEAD70F5}.Debug|Any CPU.Build.0 = Debug|Any CPU
		{F8635B00-757F-44D5-A360-C37FCEAD70F5}.Release|Any CPU.ActiveCfg = Release|Any CPU
		{F8635B00-757F-44D5-A360-C37FCEAD70F5}.Release|Any CPU.Build.0 = Release|Any CPU
	EndGlobalSection
	GlobalSection(SolutionProperties) = preSolution
		HideSolutionNode = FALSE
	EndGlobalSection
	GlobalSection(ExtensibilityGlobals) = postSolution
		SolutionGuid = {03492166-78E5-401D-B5D8-5E44FC1F8EF4}
	EndGlobalSection
EndGlobal
